
Microsoft Visual Studio Solution File, Format Version 12.00
# Visual Studio Version 16
VisualStudioVersion = 16.0.29215.179
MinimumVisualStudioVersion = 10.0.40219.1
Project("{9A19103F-16F7-4668-BE54-9A1E7A4F7556}") = "Section6Interfaces", "Section6Interfaces\Section6Interfaces.csproj", "{499592EE-021F-4E03-9702-AE7CAA3E3B1C}"
EndProject
Project("{FAE04EC0-301F-11D3-BF4B-00C04F79EFBC}") = "InterfaceUnitTests", "InterfaceUnitTests\InterfaceUnitTests.csproj", "{5F566796-1CFD-4200-9152-4DCDF4A709F5}"
EndProject
Global
	GlobalSection(SolutionConfigurationPlatforms) = preSolution
		Debug|Any CPU = Debug|Any CPU
		Release|Any CPU = Release|Any CPU
	EndGlobalSection
	GlobalSection(ProjectConfigurationPlatforms) = postSolution
		{499592EE-021F-4E03-9702-AE7CAA3E3B1C}.Debug|Any CPU.ActiveCfg = Debug|Any CPU
		{499592EE-021F-4E03-9702-AE7CAA3E3B1C}.Debug|Any CPU.Build.0 = Debug|Any CPU
		{499592EE-021F-4E03-9702-AE7CAA3E3B1C}.Release|Any CPU.ActiveCfg = Release|Any CPU
		{499592EE-021F-4E03-9702-AE7CAA3E3B1C}.Release|Any CPU.Build.0 = Release|Any CPU
		{5F566796-1CFD-4200-9152-4DCDF4A709F5}.Debug|Any CPU.ActiveCfg = Debug|Any CPU
		{5F566796-1CFD-4200-9152-4DCDF4A709F5}.Debug|Any CPU.Build.0 = Debug|Any CPU
		{5F566796-1CFD-4200-9152-4DCDF4A709F5}.Release|Any CPU.ActiveCfg = Release|Any CPU
		{5F566796-1CFD-4200-9152-4DCDF4A709F5}.Release|Any CPU.Build.0 = Release|Any CPU
	EndGlobalSection
	GlobalSection(SolutionProperties) = preSolution
		HideSolutionNode = FALSE
	EndGlobalSection
	GlobalSection(ExtensibilityGlobals) = postSolution
		SolutionGuid = {59BB78C7-3775-40F0-98D6-BCE61FD90476}
	EndGlobalSection
EndGlobal
